
Microsoft Visual Studio Solution File, Format Version 12.00
# Visual Studio Version 17
VisualStudioVersion = 17.2.32630.192
MinimumVisualStudioVersion = 10.0.40219.1
Project("{9A19103F-16F7-4668-BE54-9A1E7A4F7556}") = "SatisfactoryProductionator", "SatisfactoryProductionator\SatisfactoryProductionator.csproj", "{981C1590-9E29-4ADA-B9A0-9FCB2BBB5E41}"
EndProject
Project("{9A19103F-16F7-4668-BE54-9A1E7A4F7556}") = "SatisfactoryProductionator.DataModels", "SatisfactoryProductionator.DataModels\SatisfactoryProductionator.DataModels.csproj", "{44D934AD-D133-4D51-83B7-83CDB08422B7}"
EndProject
Project("{9A19103F-16F7-4668-BE54-9A1E7A4F7556}") = "SatisfactoryProductionator.DataParser", "SatisfactoryProductionator.DataParser\SatisfactoryProductionator.DataParser.csproj", "{FBAEBB16-204B-4337-B31E-C76F175962B5}"
EndProject
Project("{FAE04EC0-301F-11D3-BF4B-00C04F79EFBC}") = "SatisfactoryProductionator.DataManager", "SatisfactoryProductionator.DataManager\SatisfactoryProductionator.DataManager.csproj", "{4E8DF58F-9937-4BE9-8993-214C74E6815B}"
EndProject
Global
	GlobalSection(SolutionConfigurationPlatforms) = preSolution
		Debug|Any CPU = Debug|Any CPU
		Release|Any CPU = Release|Any CPU
	EndGlobalSection
	GlobalSection(ProjectConfigurationPlatforms) = postSolution
		{981C1590-9E29-4ADA-B9A0-9FCB2BBB5E41}.Debug|Any CPU.ActiveCfg = Debug|Any CPU
		{981C1590-9E29-4ADA-B9A0-9FCB2BBB5E41}.Debug|Any CPU.Build.0 = Debug|Any CPU
		{981C1590-9E29-4ADA-B9A0-9FCB2BBB5E41}.Release|Any CPU.ActiveCfg = Release|Any CPU
		{981C1590-9E29-4ADA-B9A0-9FCB2BBB5E41}.Release|Any CPU.Build.0 = Release|Any CPU
		{44D934AD-D133-4D51-83B7-83CDB08422B7}.Debug|Any CPU.ActiveCfg = Debug|Any CPU
		{44D934AD-D133-4D51-83B7-83CDB08422B7}.Debug|Any CPU.Build.0 = Debug|Any CPU
		{44D934AD-D133-4D51-83B7-83CDB08422B7}.Release|Any CPU.ActiveCfg = Release|Any CPU
		{44D934AD-D133-4D51-83B7-83CDB08422B7}.Release|Any CPU.Build.0 = Release|Any CPU
		{FBAEBB16-204B-4337-B31E-C76F175962B5}.Debug|Any CPU.ActiveCfg = Debug|Any CPU
		{FBAEBB16-204B-4337-B31E-C76F175962B5}.Debug|Any CPU.Build.0 = Debug|Any CPU
		{FBAEBB16-204B-4337-B31E-C76F175962B5}.Release|Any CPU.ActiveCfg = Release|Any CPU
		{FBAEBB16-204B-4337-B31E-C76F175962B5}.Release|Any CPU.Build.0 = Release|Any CPU
		{4E8DF58F-9937-4BE9-8993-214C74E6815B}.Debug|Any CPU.ActiveCfg = Debug|Any CPU
		{4E8DF58F-9937-4BE9-8993-214C74E6815B}.Debug|Any CPU.Build.0 = Debug|Any CPU
		{4E8DF58F-9937-4BE9-8993-214C74E6815B}.Release|Any CPU.ActiveCfg = Release|Any CPU
		{4E8DF58F-9937-4BE9-8993-214C74E6815B}.Release|Any CPU.Build.0 = Release|Any CPU
	EndGlobalSection
	GlobalSection(SolutionProperties) = preSolution
		HideSolutionNode = FALSE
	EndGlobalSection
	GlobalSection(ExtensibilityGlobals) = postSolution
		SolutionGuid = {B1341853-4DA2-49F4-B193-4A0265468E04}
	EndGlobalSection
EndGlobal
